
Microsoft Visual Studio Solution File, Format Version 12.00
# Visual Studio Version 17
VisualStudioVersion = 17.12.35527.113
MinimumVisualStudioVersion = 10.0.40219.1
Project("{FAE04EC0-301F-11D3-BF4B-00C04F79EFBC}") = "MurderGame.UI", "MurderGame\MurderGame.UI.csproj", "{DA835DA0-EA6F-4F94-87B9-BCF691B63CF4}"
EndProject
Project("{FAE04EC0-301F-11D3-BF4B-00C04F79EFBC}") = "MurderGame.Business", "MurderGame.Business\MurderGame.Business.csproj", "{6D7208E0-8B20-4D74-9AB4-1593927F6485}"
EndProject
Project("{FAE04EC0-301F-11D3-BF4B-00C04F79EFBC}") = "MurderGame.DataAccess", "MurderGame.DataAccess\MurderGame.DataAccess.csproj", "{797818FD-79BB-4566-9592-CF89D0EC8E20}"
EndProject
Project("{FAE04EC0-301F-11D3-BF4B-00C04F79EFBC}") = "MurderGame.Dtos", "MurderGame.Dtos\MurderGame.Dtos.csproj", "{82A56902-0104-45B3-A560-D85529FAADB4}"
EndProject
Project("{FAE04EC0-301F-11D3-BF4B-00C04F79EFBC}") = "MurderGame.Entities", "MurderGame.Entities\MurderGame.Entities.csproj", "{847AF8AA-A7CB-4420-9694-4CF73C453295}"
EndProject
Project("{FAE04EC0-301F-11D3-BF4B-00C04F79EFBC}") = "MurderGame.Helpers", "MurderGame.Helpers\MurderGame.Helpers.csproj", "{3DB85D5C-1C35-4AC2-B3C1-D65685269BA4}"
EndProject
Global
	GlobalSection(SolutionConfigurationPlatforms) = preSolution
		Debug|Any CPU = Debug|Any CPU
		Release|Any CPU = Release|Any CPU
	EndGlobalSection
	GlobalSection(ProjectConfigurationPlatforms) = postSolution
		{DA835DA0-EA6F-4F94-87B9-BCF691B63CF4}.Debug|Any CPU.ActiveCfg = Debug|Any CPU
		{DA835DA0-EA6F-4F94-87B9-BCF691B63CF4}.Debug|Any CPU.Build.0 = Debug|Any CPU
		{DA835DA0-EA6F-4F94-87B9-BCF691B63CF4}.Release|Any CPU.ActiveCfg = Release|Any CPU
		{DA835DA0-EA6F-4F94-87B9-BCF691B63CF4}.Release|Any CPU.Build.0 = Release|Any CPU
		{6D7208E0-8B20-4D74-9AB4-1593927F6485}.Debug|Any CPU.ActiveCfg = Debug|Any CPU
		{6D7208E0-8B20-4D74-9AB4-1593927F6485}.Debug|Any CPU.Build.0 = Debug|Any CPU
		{6D7208E0-8B20-4D74-9AB4-1593927F6485}.Release|Any CPU.ActiveCfg = Release|Any CPU
		{6D7208E0-8B20-4D74-9AB4-1593927F6485}.Release|Any CPU.Build.0 = Release|Any CPU
		{797818FD-79BB-4566-9592-CF89D0EC8E20}.Debug|Any CPU.ActiveCfg = Debug|Any CPU
		{797818FD-79BB-4566-9592-CF89D0EC8E20}.Debug|Any CPU.Build.0 = Debug|Any CPU
		{797818FD-79BB-4566-9592-CF89D0EC8E20}.Release|Any CPU.ActiveCfg = Release|Any CPU
		{797818FD-79BB-4566-9592-CF89D0EC8E20}.Release|Any CPU.Build.0 = Release|Any CPU
		{82A56902-0104-45B3-A560-D85529FAADB4}.Debug|Any CPU.ActiveCfg = Debug|Any CPU
		{82A56902-0104-45B3-A560-D85529FAADB4}.Debug|Any CPU.Build.0 = Debug|Any CPU
		{82A56902-0104-45B3-A560-D85529FAADB4}.Release|Any CPU.ActiveCfg = Release|Any CPU
		{82A56902-0104-45B3-A560-D85529FAADB4}.Release|Any CPU.Build.0 = Release|Any CPU
		{847AF8AA-A7CB-4420-9694-4CF73C453295}.Debug|Any CPU.ActiveCfg = Debug|Any CPU
		{847AF8AA-A7CB-4420-9694-4CF73C453295}.Debug|Any CPU.Build.0 = Debug|Any CPU
		{847AF8AA-A7CB-4420-9694-4CF73C453295}.Release|Any CPU.ActiveCfg = Release|Any CPU
		{847AF8AA-A7CB-4420-9694-4CF73C453295}.Release|Any CPU.Build.0 = Release|Any CPU
		{3DB85D5C-1C35-4AC2-B3C1-D65685269BA4}.Debug|Any CPU.ActiveCfg = Debug|Any CPU
		{3DB85D5C-1C35-4AC2-B3C1-D65685269BA4}.Debug|Any CPU.Build.0 = Debug|Any CPU
		{3DB85D5C-1C35-4AC2-B3C1-D65685269BA4}.Release|Any CPU.ActiveCfg = Release|Any CPU
		{3DB85D5C-1C35-4AC2-B3C1-D65685269BA4}.Release|Any CPU.Build.0 = Release|Any CPU
	EndGlobalSection
	GlobalSection(SolutionProperties) = preSolution
		HideSolutionNode = FALSE
	EndGlobalSection
EndGlobal
